// !$*UTF8*$!
{
	archiveVersion = 1;
	classes = {
	};
	objectVersion = 50;
	objects = {

/* Begin PBXBuildFile section */
		43EFB6E16BC06B02B53C90C4 /* Pods_CeibaPostsTests.framework in Frameworks */ = {isa = PBXBuildFile; fileRef = B84B49CE93AC3487F28454E2 /* Pods_CeibaPostsTests.framework */; };
		56C158862D4EFF3523DED74F /* Pods_CeibaPosts.framework in Frameworks */ = {isa = PBXBuildFile; fileRef = 42F85555F1C4A03A3CB85764 /* Pods_CeibaPosts.framework */; };
		9A0F8C6C254296D300A4B63A /* AppDelegate.swift in Sources */ = {isa = PBXBuildFile; fileRef = 9A0F8C6B254296D300A4B63A /* AppDelegate.swift */; };
		9A0F8C6E254296D300A4B63A /* SceneDelegate.swift in Sources */ = {isa = PBXBuildFile; fileRef = 9A0F8C6D254296D300A4B63A /* SceneDelegate.swift */; };
		9A0F8C70254296D300A4B63A /* ViewController.swift in Sources */ = {isa = PBXBuildFile; fileRef = 9A0F8C6F254296D300A4B63A /* ViewController.swift */; };
		9A0F8C73254296D300A4B63A /* Main.storyboard in Resources */ = {isa = PBXBuildFile; fileRef = 9A0F8C71254296D300A4B63A /* Main.storyboard */; };
		9A0F8C75254296D500A4B63A /* Assets.xcassets in Resources */ = {isa = PBXBuildFile; fileRef = 9A0F8C74254296D500A4B63A /* Assets.xcassets */; };
		9A0F8C78254296D500A4B63A /* LaunchScreen.storyboard in Resources */ = {isa = PBXBuildFile; fileRef = 9A0F8C76254296D500A4B63A /* LaunchScreen.storyboard */; };
		9A0F8C83254296D500A4B63A /* CeibaPostsTests.swift in Sources */ = {isa = PBXBuildFile; fileRef = 9A0F8C82254296D500A4B63A /* CeibaPostsTests.swift */; };
/* End PBXBuildFile section */

/* Begin PBXContainerItemProxy section */
		9A0F8C7F254296D500A4B63A /* PBXContainerItemProxy */ = {
			isa = PBXContainerItemProxy;
			containerPortal = 9A0F8C60254296D300A4B63A /* Project object */;
			proxyType = 1;
			remoteGlobalIDString = 9A0F8C67254296D300A4B63A;
			remoteInfo = CeibaPosts;
		};
/* End PBXContainerItemProxy section */

/* Begin PBXFileReference section */
		09661CB5A0B99D7216EBBA0B /* Pods-CeibaPostsTests.release.xcconfig */ = {isa = PBXFileReference; includeInIndex = 1; lastKnownFileType = text.xcconfig; name = "Pods-CeibaPostsTests.release.xcconfig"; path = "Target Support Files/Pods-CeibaPostsTests/Pods-CeibaPostsTests.release.xcconfig"; sourceTree = "<group>"; };
		3B248E533FCE2E13F7FD3023 /* Pods-CeibaPosts.release.xcconfig */ = {isa = PBXFileReference; includeInIndex = 1; lastKnownFileType = text.xcconfig; name = "Pods-CeibaPosts.release.xcconfig"; path = "Target Support Files/Pods-CeibaPosts/Pods-CeibaPosts.release.xcconfig"; sourceTree = "<group>"; };
		42F85555F1C4A03A3CB85764 /* Pods_CeibaPosts.framework */ = {isa = PBXFileReference; explicitFileType = wrapper.framework; includeInIndex = 0; path = Pods_CeibaPosts.framework; sourceTree = BUILT_PRODUCTS_DIR; };
		7272DA97C801B616FD24A965 /* Pods-CeibaPosts.debug.xcconfig */ = {isa = PBXFileReference; includeInIndex = 1; lastKnownFileType = text.xcconfig; name = "Pods-CeibaPosts.debug.xcconfig"; path = "Target Support Files/Pods-CeibaPosts/Pods-CeibaPosts.debug.xcconfig"; sourceTree = "<group>"; };
		9A0F8C68254296D300A4B63A /* CeibaPosts.app */ = {isa = PBXFileReference; explicitFileType = wrapper.application; includeInIndex = 0; path = CeibaPosts.app; sourceTree = BUILT_PRODUCTS_DIR; };
		9A0F8C6B254296D300A4B63A /* AppDelegate.swift */ = {isa = PBXFileReference; lastKnownFileType = sourcecode.swift; path = AppDelegate.swift; sourceTree = "<group>"; };
		9A0F8C6D254296D300A4B63A /* SceneDelegate.swift */ = {isa = PBXFileReference; lastKnownFileType = sourcecode.swift; path = SceneDelegate.swift; sourceTree = "<group>"; };
		9A0F8C6F254296D300A4B63A /* ViewController.swift */ = {isa = PBXFileReference; lastKnownFileType = sourcecode.swift; path = ViewController.swift; sourceTree = "<group>"; };
		9A0F8C72254296D300A4B63A /* Base */ = {isa = PBXFileReference; lastKnownFileType = file.storyboard; name = Base; path = Base.lproj/Main.storyboard; sourceTree = "<group>"; };
		9A0F8C74254296D500A4B63A /* Assets.xcassets */ = {isa = PBXFileReference; lastKnownFileType = folder.assetcatalog; path = Assets.xcassets; sourceTree = "<group>"; };
		9A0F8C77254296D500A4B63A /* Base */ = {isa = PBXFileReference; lastKnownFileType = file.storyboard; name = Base; path = Base.lproj/LaunchScreen.storyboard; sourceTree = "<group>"; };
		9A0F8C79254296D500A4B63A /* Info.plist */ = {isa = PBXFileReference; lastKnownFileType = text.plist.xml; path = Info.plist; sourceTree = "<group>"; };
		9A0F8C7E254296D500A4B63A /* CeibaPostsTests.xctest */ = {isa = PBXFileReference; explicitFileType = wrapper.cfbundle; includeInIndex = 0; path = CeibaPostsTests.xctest; sourceTree = BUILT_PRODUCTS_DIR; };
		9A0F8C82254296D500A4B63A /* CeibaPostsTests.swift */ = {isa = PBXFileReference; lastKnownFileType = sourcecode.swift; path = CeibaPostsTests.swift; sourceTree = "<group>"; };
		9A0F8C84254296D500A4B63A /* Info.plist */ = {isa = PBXFileReference; lastKnownFileType = text.plist.xml; path = Info.plist; sourceTree = "<group>"; };
		B84B49CE93AC3487F28454E2 /* Pods_CeibaPostsTests.framework */ = {isa = PBXFileReference; explicitFileType = wrapper.framework; includeInIndex = 0; path = Pods_CeibaPostsTests.framework; sourceTree = BUILT_PRODUCTS_DIR; };
		EFA3153CF7F0931E7252CA40 /* Pods-CeibaPostsTests.debug.xcconfig */ = {isa = PBXFileReference; includeInIndex = 1; lastKnownFileType = text.xcconfig; name = "Pods-CeibaPostsTests.debug.xcconfig"; path = "Target Support Files/Pods-CeibaPostsTests/Pods-CeibaPostsTests.debug.xcconfig"; sourceTree = "<group>"; };
/* End PBXFileReference section */

/* Begin PBXFrameworksBuildPhase section */
		9A0F8C65254296D300A4B63A /* Frameworks */ = {
			isa = PBXFrameworksBuildPhase;
			buildActionMask = 2147483647;
			files = (
				56C158862D4EFF3523DED74F /* Pods_CeibaPosts.framework in Frameworks */,
			);
			runOnlyForDeploymentPostprocessing = 0;
		};
		9A0F8C7B254296D500A4B63A /* Frameworks */ = {
			isa = PBXFrameworksBuildPhase;
			buildActionMask = 2147483647;
			files = (
				43EFB6E16BC06B02B53C90C4 /* Pods_CeibaPostsTests.framework in Frameworks */,
			);
			runOnlyForDeploymentPostprocessing = 0;
		};
/* End PBXFrameworksBuildPhase section */

/* Begin PBXGroup section */
		9A0F8C5F254296D300A4B63A = {
			isa = PBXGroup;
			children = (
				9A0F8C6A254296D300A4B63A /* CeibaPosts */,
				9A0F8C81254296D500A4B63A /* CeibaPostsTests */,
				9A0F8C69254296D300A4B63A /* Products */,
				A2C1A91E9AD4F7AAA9F73B4C /* Pods */,
				B2ADE0636BDE72706C46B668 /* Frameworks */,
			);
			sourceTree = "<group>";
		};
		9A0F8C69254296D300A4B63A /* Products */ = {
			isa = PBXGroup;
			children = (
				9A0F8C68254296D300A4B63A /* CeibaPosts.app */,
				9A0F8C7E254296D500A4B63A /* CeibaPostsTests.xctest */,
			);
			name = Products;
			sourceTree = "<group>";
		};
		9A0F8C6A254296D300A4B63A /* CeibaPosts */ = {
			isa = PBXGroup;
			children = (
				9A0F8C6B254296D300A4B63A /* AppDelegate.swift */,
				9A0F8C6D254296D300A4B63A /* SceneDelegate.swift */,
				9A0F8C6F254296D300A4B63A /* ViewController.swift */,
				9A0F8C71254296D300A4B63A /* Main.storyboard */,
				9A0F8C74254296D500A4B63A /* Assets.xcassets */,
				9A0F8C76254296D500A4B63A /* LaunchScreen.storyboard */,
				9A0F8C79254296D500A4B63A /* Info.plist */,
			);
			path = CeibaPosts;
			sourceTree = "<group>";
		};
		9A0F8C81254296D500A4B63A /* CeibaPostsTests */ = {
			isa = PBXGroup;
			children = (
				9A0F8C82254296D500A4B63A /* CeibaPostsTests.swift */,
				9A0F8C84254296D500A4B63A /* Info.plist */,
			);
			path = CeibaPostsTests;
			sourceTree = "<group>";
		};
		A2C1A91E9AD4F7AAA9F73B4C /* Pods */ = {
			isa = PBXGroup;
			children = (
				7272DA97C801B616FD24A965 /* Pods-CeibaPosts.debug.xcconfig */,
				3B248E533FCE2E13F7FD3023 /* Pods-CeibaPosts.release.xcconfig */,
				EFA3153CF7F0931E7252CA40 /* Pods-CeibaPostsTests.debug.xcconfig */,
				09661CB5A0B99D7216EBBA0B /* Pods-CeibaPostsTests.release.xcconfig */,
			);
			name = Pods;
			path = Pods;
			sourceTree = "<group>";
		};
		B2ADE0636BDE72706C46B668 /* Frameworks */ = {
			isa = PBXGroup;
			children = (
				42F85555F1C4A03A3CB85764 /* Pods_CeibaPosts.framework */,
				B84B49CE93AC3487F28454E2 /* Pods_CeibaPostsTests.framework */,
			);
			name = Frameworks;
			sourceTree = "<group>";
		};
/* End PBXGroup section */

/* Begin PBXNativeTarget section */
		9A0F8C67254296D300A4B63A /* CeibaPosts */ = {
			isa = PBXNativeTarget;
			buildConfigurationList = 9A0F8C87254296D500A4B63A /* Build configuration list for PBXNativeTarget "CeibaPosts" */;
			buildPhases = (
				6412EAE099AD8699D0368C5E /* [CP] Check Pods Manifest.lock */,
				9A0F8C64254296D300A4B63A /* Sources */,
				9A0F8C65254296D300A4B63A /* Frameworks */,
				9A0F8C66254296D300A4B63A /* Resources */,
			);
			buildRules = (
			);
			dependencies = (
			);
			name = CeibaPosts;
			productName = CeibaPosts;
			productReference = 9A0F8C68254296D300A4B63A /* CeibaPosts.app */;
			productType = "com.apple.product-type.application";
		};
		9A0F8C7D254296D500A4B63A /* CeibaPostsTests */ = {
			isa = PBXNativeTarget;
			buildConfigurationList = 9A0F8C8A254296D500A4B63A /* Build configuration list for PBXNativeTarget "CeibaPostsTests" */;
			buildPhases = (
				0BB563C25FAC1E546BEEF77F /* [CP] Check Pods Manifest.lock */,
				9A0F8C7A254296D500A4B63A /* Sources */,
				9A0F8C7B254296D500A4B63A /* Frameworks */,
				9A0F8C7C254296D500A4B63A /* Resources */,
			);
			buildRules = (
			);
			dependencies = (
				9A0F8C80254296D500A4B63A /* PBXTargetDependency */,
			);
			name = CeibaPostsTests;
			productName = CeibaPostsTests;
			productReference = 9A0F8C7E254296D500A4B63A /* CeibaPostsTests.xctest */;
			productType = "com.apple.product-type.bundle.unit-test";
		};
/* End PBXNativeTarget section */

/* Begin PBXProject section */
		9A0F8C60254296D300A4B63A /* Project object */ = {
			isa = PBXProject;
			attributes = {
				LastSwiftUpdateCheck = 1150;
				LastUpgradeCheck = 1150;
				ORGANIZATIONNAME = "Matt Leon";
				TargetAttributes = {
					9A0F8C67254296D300A4B63A = {
						CreatedOnToolsVersion = 11.5;
					};
					9A0F8C7D254296D500A4B63A = {
						CreatedOnToolsVersion = 11.5;
						TestTargetID = 9A0F8C67254296D300A4B63A;
					};
				};
			};
			buildConfigurationList = 9A0F8C63254296D300A4B63A /* Build configuration list for PBXProject "CeibaPosts" */;
			compatibilityVersion = "Xcode 9.3";
			developmentRegion = en;
			hasScannedForEncodings = 0;
			knownRegions = (
				en,
				Base,
			);
			mainGroup = 9A0F8C5F254296D300A4B63A;
			productRefGroup = 9A0F8C69254296D300A4B63A /* Products */;
			projectDirPath = "";
			projectRoot = "";
			targets = (
				9A0F8C67254296D300A4B63A /* CeibaPosts */,
				9A0F8C7D254296D500A4B63A /* CeibaPostsTests */,
			);
		};
/* End PBXProject section */

/* Begin PBXResourcesBuildPhase section */
		9A0F8C66254296D300A4B63A /* Resources */ = {
			isa = PBXResourcesBuildPhase;
			buildActionMask = 2147483647;
			files = (
				9A0F8C78254296D500A4B63A /* LaunchScreen.storyboard in Resources */,
				9A0F8C75254296D500A4B63A /* Assets.xcassets in Resources */,
				9A0F8C73254296D300A4B63A /* Main.storyboard in Resources */,
			);
			runOnlyForDeploymentPostprocessing = 0;
		};
		9A0F8C7C254296D500A4B63A /* Resources */ = {
			isa = PBXResourcesBuildPhase;
			buildActionMask = 2147483647;
			files = (
			);
			runOnlyForDeploymentPostprocessing = 0;
		};
/* End PBXResourcesBuildPhase section */

/* Begin PBXShellScriptBuildPhase section */
		0BB563C25FAC1E546BEEF77F /* [CP] Check Pods Manifest.lock */ = {
			isa = PBXShellScriptBuildPhase;
			buildActionMask = 2147483647;
			files = (
			);
			inputFileListPaths = (
			);
			inputPaths = (
				"${PODS_PODFILE_DIR_PATH}/Podfile.lock",
				"${PODS_ROOT}/Manifest.lock",
			);
			name = "[CP] Check Pods Manifest.lock";
			outputFileListPaths = (
			);
			outputPaths = (
				"$(DERIVED_FILE_DIR)/Pods-CeibaPostsTests-checkManifestLockResult.txt",
			);
			runOnlyForDeploymentPostprocessing = 0;
			shellPath = /bin/sh;
			shellScript = "diff \"${PODS_PODFILE_DIR_PATH}/Podfile.lock\" \"${PODS_ROOT}/Manifest.lock\" > /dev/null\nif [ $? != 0 ] ; then\n    # print error to STDERR\n    echo \"error: The sandbox is not in sync with the Podfile.lock. Run 'pod install' or update your CocoaPods installation.\" >&2\n    exit 1\nfi\n# This output is used by Xcode 'outputs' to avoid re-running this script phase.\necho \"SUCCESS\" > \"${SCRIPT_OUTPUT_FILE_0}\"\n";
			showEnvVarsInLog = 0;
		};
		6412EAE099AD8699D0368C5E /* [CP] Check Pods Manifest.lock */ = {
			isa = PBXShellScriptBuildPhase;
			buildActionMask = 2147483647;
			files = (
			);
			inputFileListPaths = (
			);
			inputPaths = (
				"${PODS_PODFILE_DIR_PATH}/Podfile.lock",
				"${PODS_ROOT}/Manifest.lock",
			);
			name = "[CP] Check Pods Manifest.lock";
			outputFileListPaths = (
			);
			outputPaths = (
				"$(DERIVED_FILE_DIR)/Pods-CeibaPosts-checkManifestLockResult.txt",
			);
			runOnlyForDeploymentPostprocessing = 0;
			shellPath = /bin/sh;
			shellScript = "diff \"${PODS_PODFILE_DIR_PATH}/Podfile.lock\" \"${PODS_ROOT}/Manifest.lock\" > /dev/null\nif [ $? != 0 ] ; then\n    # print error to STDERR\n    echo \"error: The sandbox is not in sync with the Podfile.lock. Run 'pod install' or update your CocoaPods installation.\" >&2\n    exit 1\nfi\n# This output is used by Xcode 'outputs' to avoid re-running this script phase.\necho \"SUCCESS\" > \"${SCRIPT_OUTPUT_FILE_0}\"\n";
			showEnvVarsInLog = 0;
		};
/* End PBXShellScriptBuildPhase section */

/* Begin PBXSourcesBuildPhase section */
		9A0F8C64254296D300A4B63A /* Sources */ = {
			isa = PBXSourcesBuildPhase;
			buildActionMask = 2147483647;
			files = (
				9A0F8C70254296D300A4B63A /* ViewController.swift in Sources */,
				9A0F8C6C254296D300A4B63A /* AppDelegate.swift in Sources */,
				9A0F8C6E254296D300A4B63A /* SceneDelegate.swift in Sources */,
			);
			runOnlyForDeploymentPostprocessing = 0;
		};
		9A0F8C7A254296D500A4B63A /* Sources */ = {
			isa = PBXSourcesBuildPhase;
			buildActionMask = 2147483647;
			files = (
				9A0F8C83254296D500A4B63A /* CeibaPostsTests.swift in Sources */,
			);
			runOnlyForDeploymentPostprocessing = 0;
		};
/* End PBXSourcesBuildPhase section */

/* Begin PBXTargetDependency section */
		9A0F8C80254296D500A4B63A /* PBXTargetDependency */ = {
			isa = PBXTargetDependency;
			target = 9A0F8C67254296D300A4B63A /* CeibaPosts */;
			targetProxy = 9A0F8C7F254296D500A4B63A /* PBXContainerItemProxy */;
		};
/* End PBXTargetDependency section */

/* Begin PBXVariantGroup section */
		9A0F8C71254296D300A4B63A /* Main.storyboard */ = {
			isa = PBXVariantGroup;
			children = (
				9A0F8C72254296D300A4B63A /* Base */,
			);
			name = Main.storyboard;
			sourceTree = "<group>";
		};
		9A0F8C76254296D500A4B63A /* LaunchScreen.storyboard */ = {
			isa = PBXVariantGroup;
			children = (
				9A0F8C77254296D500A4B63A /* Base */,
			);
			name = LaunchScreen.storyboard;
			sourceTree = "<group>";
		};
/* End PBXVariantGroup section */

/* Begin XCBuildConfiguration section */
		9A0F8C85254296D500A4B63A /* Debug */ = {
			isa = XCBuildConfiguration;
			buildSettings = {
				ALWAYS_SEARCH_USER_PATHS = NO;
				CLANG_ANALYZER_NONNULL = YES;
				CLANG_ANALYZER_NUMBER_OBJECT_CONVERSION = YES_AGGRESSIVE;
				CLANG_CXX_LANGUAGE_STANDARD = "gnu++14";
				CLANG_CXX_LIBRARY = "libc++";
				CLANG_ENABLE_MODULES = YES;
				CLANG_ENABLE_OBJC_ARC = YES;
				CLANG_ENABLE_OBJC_WEAK = YES;
				CLANG_WARN_BLOCK_CAPTURE_AUTORELEASING = YES;
				CLANG_WARN_BOOL_CONVERSION = YES;
				CLANG_WARN_COMMA = YES;
				CLANG_WARN_CONSTANT_CONVERSION = YES;
				CLANG_WARN_DEPRECATED_OBJC_IMPLEMENTATIONS = YES;
				CLANG_WARN_DIRECT_OBJC_ISA_USAGE = YES_ERROR;
				CLANG_WARN_DOCUMENTATION_COMMENTS = YES;
				CLANG_WARN_EMPTY_BODY = YES;
				CLANG_WARN_ENUM_CONVERSION = YES;
				CLANG_WARN_INFINITE_RECURSION = YES;
				CLANG_WARN_INT_CONVERSION = YES;
				CLANG_WARN_NON_LITERAL_NULL_CONVERSION = YES;
				CLANG_WARN_OBJC_IMPLICIT_RETAIN_SELF = YES;
				CLANG_WARN_OBJC_LITERAL_CONVERSION = YES;
				CLANG_WARN_OBJC_ROOT_CLASS = YES_ERROR;
				CLANG_WARN_RANGE_LOOP_ANALYSIS = YES;
				CLANG_WARN_STRICT_PROTOTYPES = YES;
				CLANG_WARN_SUSPICIOUS_MOVE = YES;
				CLANG_WARN_UNGUARDED_AVAILABILITY = YES_AGGRESSIVE;
				CLANG_WARN_UNREACHABLE_CODE = YES;
				CLANG_WARN__DUPLICATE_METHOD_MATCH = YES;
				COPY_PHASE_STRIP = NO;
				DEBUG_INFORMATION_FORMAT = dwarf;
				ENABLE_STRICT_OBJC_MSGSEND = YES;
				ENABLE_TESTABILITY = YES;
				GCC_C_LANGUAGE_STANDARD = gnu11;
				GCC_DYNAMIC_NO_PIC = NO;
				GCC_NO_COMMON_BLOCKS = YES;
				GCC_OPTIMIZATION_LEVEL = 0;
				GCC_PREPROCESSOR_DEFINITIONS = (
					"DEBUG=1",
					"$(inherited)",
				);
				GCC_WARN_64_TO_32_BIT_CONVERSION = YES;
				GCC_WARN_ABOUT_RETURN_TYPE = YES_ERROR;
				GCC_WARN_UNDECLARED_SELECTOR = YES;
				GCC_WARN_UNINITIALIZED_AUTOS = YES_AGGRESSIVE;
				GCC_WARN_UNUSED_FUNCTION = YES;
				GCC_WARN_UNUSED_VARIABLE = YES;
				IPHONEOS_DEPLOYMENT_TARGET = 13.5;
				MTL_ENABLE_DEBUG_INFO = INCLUDE_SOURCE;
				MTL_FAST_MATH = YES;
				ONLY_ACTIVE_ARCH = YES;
				SDKROOT = iphoneos;
				SWIFT_ACTIVE_COMPILATION_CONDITIONS = DEBUG;
				SWIFT_OPTIMIZATION_LEVEL = "-Onone";
			};
			name = Debug;
		};
		9A0F8C86254296D500A4B63A /* Release */ = {
			isa = XCBuildConfiguration;
			buildSettings = {
				ALWAYS_SEARCH_USER_PATHS = NO;
				CLANG_ANALYZER_NONNULL = YES;
				CLANG_ANALYZER_NUMBER_OBJECT_CONVERSION = YES_AGGRESSIVE;
				CLANG_CXX_LANGUAGE_STANDARD = "gnu++14";
				CLANG_CXX_LIBRARY = "libc++";
				CLANG_ENABLE_MODULES = YES;
				CLANG_ENABLE_OBJC_ARC = YES;
				CLANG_ENABLE_OBJC_WEAK = YES;
				CLANG_WARN_BLOCK_CAPTURE_AUTORELEASING = YES;
				CLANG_WARN_BOOL_CONVERSION = YES;
				CLANG_WARN_COMMA = YES;
				CLANG_WARN_CONSTANT_CONVERSION = YES;
				CLANG_WARN_DEPRECATED_OBJC_IMPLEMENTATIONS = YES;
				CLANG_WARN_DIRECT_OBJC_ISA_USAGE = YES_ERROR;
				CLANG_WARN_DOCUMENTATION_COMMENTS = YES;
				CLANG_WARN_EMPTY_BODY = YES;
				CLANG_WARN_ENUM_CONVERSION = YES;
				CLANG_WARN_INFINITE_RECURSION = YES;
				CLANG_WARN_INT_CONVERSION = YES;
				CLANG_WARN_NON_LITERAL_NULL_CONVERSION = YES;
				CLANG_WARN_OBJC_IMPLICIT_RETAIN_SELF = YES;
				CLANG_WARN_OBJC_LITERAL_CONVERSION = YES;
				CLANG_WARN_OBJC_ROOT_CLASS = YES_ERROR;
				CLANG_WARN_RANGE_LOOP_ANALYSIS = YES;
				CLANG_WARN_STRICT_PROTOTYPES = YES;
				CLANG_WARN_SUSPICIOUS_MOVE = YES;
				CLANG_WARN_UNGUARDED_AVAILABILITY = YES_AGGRESSIVE;
				CLANG_WARN_UNREACHABLE_CODE = YES;
				CLANG_WARN__DUPLICATE_METHOD_MATCH = YES;
				COPY_PHASE_STRIP = NO;
				DEBUG_INFORMATION_FORMAT = "dwarf-with-dsym";
				ENABLE_NS_ASSERTIONS = NO;
				ENABLE_STRICT_OBJC_MSGSEND = YES;
				GCC_C_LANGUAGE_STANDARD = gnu11;
				GCC_NO_COMMON_BLOCKS = YES;
				GCC_WARN_64_TO_32_BIT_CONVERSION = YES;
				GCC_WARN_ABOUT_RETURN_TYPE = YES_ERROR;
				GCC_WARN_UNDECLARED_SELECTOR = YES;
				GCC_WARN_UNINITIALIZED_AUTOS = YES_AGGRESSIVE;
				GCC_WARN_UNUSED_FUNCTION = YES;
				GCC_WARN_UNUSED_VARIABLE = YES;
				IPHONEOS_DEPLOYMENT_TARGET = 13.5;
				MTL_ENABLE_DEBUG_INFO = NO;
				MTL_FAST_MATH = YES;
				SDKROOT = iphoneos;
				SWIFT_COMPILATION_MODE = wholemodule;
				SWIFT_OPTIMIZATION_LEVEL = "-O";
				VALIDATE_PRODUCT = YES;
			};
			name = Release;
		};
		9A0F8C88254296D500A4B63A /* Debug */ = {
			isa = XCBuildConfiguration;
			baseConfigurationReference = 7272DA97C801B616FD24A965 /* Pods-CeibaPosts.debug.xcconfig */;
			buildSettings = {
				ASSETCATALOG_COMPILER_APPICON_NAME = AppIcon;
				CODE_SIGN_STYLE = Automatic;
				INFOPLIST_FILE = CeibaPosts/Info.plist;
				LD_RUNPATH_SEARCH_PATHS = (
					"$(inherited)",
					"@executable_path/Frameworks",
				);
				PRODUCT_BUNDLE_IDENTIFIER = MattDeveloper.CeibaPosts;
				PRODUCT_NAME = "$(TARGET_NAME)";
				SWIFT_VERSION = 5.0;
				TARGETED_DEVICE_FAMILY = "1,2";
			};
			name = Debug;
		};
		9A0F8C89254296D500A4B63A /* Release */ = {
			isa = XCBuildConfiguration;
			baseConfigurationReference = 3B248E533FCE2E13F7FD3023 /* Pods-CeibaPosts.release.xcconfig */;
			buildSettings = {
				ASSETCATALOG_COMPILER_APPICON_NAME = AppIcon;
				CODE_SIGN_STYLE = Automatic;
				INFOPLIST_FILE = CeibaPosts/Info.plist;
				LD_RUNPATH_SEARCH_PATHS = (
					"$(inherited)",
					"@executable_path/Frameworks",
				);
				PRODUCT_BUNDLE_IDENTIFIER = MattDeveloper.CeibaPosts;
				PRODUCT_NAME = "$(TARGET_NAME)";
				SWIFT_VERSION = 5.0;
				TARGETED_DEVICE_FAMILY = "1,2";
			};
			name = Release;
		};
		9A0F8C8B254296D500A4B63A /* Debug */ = {
			isa = XCBuildConfiguration;
			baseConfigurationReference = EFA3153CF7F0931E7252CA40 /* Pods-CeibaPostsTests.debug.xcconfig */;
			buildSettings = {
				ALWAYS_EMBED_SWIFT_STANDARD_LIBRARIES = YES;
				BUNDLE_LOADER = "$(TEST_HOST)";
				CODE_SIGN_STYLE = Automatic;
				INFOPLIST_FILE = CeibaPostsTests/Info.plist;
				IPHONEOS_DEPLOYMENT_TARGET = 13.5;
				LD_RUNPATH_SEARCH_PATHS = (
					"$(inherited)",
					"@executable_path/Frameworks",
					"@loader_path/Frameworks",
				);
				PRODUCT_BUNDLE_IDENTIFIER = MattDeveloper.CeibaPostsTests;
				PRODUCT_NAME = "$(TARGET_NAME)";
				SWIFT_VERSION = 5.0;
				TARGETED_DEVICE_FAMILY = "1,2";
				TEST_HOST = "$(BUILT_PRODUCTS_DIR)/CeibaPosts.app/CeibaPosts";
			};
			name = Debug;
		};
		9A0F8C8C254296D500A4B63A /* Release */ = {
			isa = XCBuildConfiguration;
			baseConfigurationReference = 09661CB5A0B99D7216EBBA0B /* Pods-CeibaPostsTests.release.xcconfig */;
			buildSettings = {
				ALWAYS_EMBED_SWIFT_STANDARD_LIBRARIES = YES;
				BUNDLE_LOADER = "$(TEST_HOST)";
				CODE_SIGN_STYLE = Automatic;
				INFOPLIST_FILE = CeibaPostsTests/Info.plist;
				IPHONEOS_DEPLOYMENT_TARGET = 13.5;
				LD_RUNPATH_SEARCH_PATHS = (
					"$(inherited)",
					"@executable_path/Frameworks",
					"@loader_path/Frameworks",
				);
				PRODUCT_BUNDLE_IDENTIFIER = MattDeveloper.CeibaPostsTests;
				PRODUCT_NAME = "$(TARGET_NAME)";
				SWIFT_VERSION = 5.0;
				TARGETED_DEVICE_FAMILY = "1,2";
				TEST_HOST = "$(BUILT_PRODUCTS_DIR)/CeibaPosts.app/CeibaPosts";
			};
			name = Release;
		};
/* End XCBuildConfiguration section */

/* Begin XCConfigurationList section */
		9A0F8C63254296D300A4B63A /* Build configuration list for PBXProject "CeibaPosts" */ = {
			isa = XCConfigurationList;
			buildConfigurations = (
				9A0F8C85254296D500A4B63A /* Debug */,
				9A0F8C86254296D500A4B63A /* Release */,
			);
			defaultConfigurationIsVisible = 0;
			defaultConfigurationName = Release;
		};
		9A0F8C87254296D500A4B63A /* Build configuration list for PBXNativeTarget "CeibaPosts" */ = {
			isa = XCConfigurationList;
			buildConfigurations = (
				9A0F8C88254296D500A4B63A /* Debug */,
				9A0F8C89254296D500A4B63A /* Release */,
			);
			defaultConfigurationIsVisible = 0;
			defaultConfigurationName = Release;
		};
		9A0F8C8A254296D500A4B63A /* Build configuration list for PBXNativeTarget "CeibaPostsTests" */ = {
			isa = XCConfigurationList;
			buildConfigurations = (
				9A0F8C8B254296D500A4B63A /* Debug */,
				9A0F8C8C254296D500A4B63A /* Release */,
			);
			defaultConfigurationIsVisible = 0;
			defaultConfigurationName = Release;
		};
/* End XCConfigurationList section */
	};
	rootObject = 9A0F8C60254296D300A4B63A /* Project object */;
}
